
Microsoft Visual Studio Solution File, Format Version 12.00
# Visual Studio Version 16
VisualStudioVersion = 16.6.30114.105
MinimumVisualStudioVersion = 10.0.40219.1
Project("{9A19103F-16F7-4668-BE54-9A1E7A4F7556}") = "TodoApp", "TodoApp\TodoApp.csproj", "{03F8F91F-E564-4DAA-8121-2A57035F4F8A}"
EndProject
Project("{2150E333-8FDC-42A3-9474-1A3956D46DE8}") = "Solution Items", "Solution Items", "{9E0948AF-EF13-4FC7-8D8D-D7BD7356F885}"
	ProjectSection(SolutionItems) = preProject
		.gitignore = .gitignore
	EndProjectSection
EndProject
Project("{2150E333-8FDC-42A3-9474-1A3956D46DE8}") = "workflows", "workflows", "{283E77C3-A34D-44F9-80D9-CB7EB2F4FD7E}"
	ProjectSection(SolutionItems) = preProject
		.github\workflows\dotnet.yml = .github\workflows\dotnet.yml
		.github\workflows\main_jag-todo_dbup.yml = .github\workflows\main_jag-todo_dbup.yml
		.github\workflows\main_jag-todo_webapp.yml = .github\workflows\main_jag-todo_webapp.yml
	EndProjectSection
EndProject
Project("{9A19103F-16F7-4668-BE54-9A1E7A4F7556}") = "TodoApp.DbUp", "TodoApp.DbUp\TodoApp.DbUp.csproj", "{1ED90052-EF8D-4180-9174-F1C6F064958C}"
EndProject
Project("{9A19103F-16F7-4668-BE54-9A1E7A4F7556}") = "TodoApp.Database", "TodoApp.Database\TodoApp.Database.csproj", "{766AA786-8963-4CC6-BB90-AF88212F1362}"
EndProject
Global
	GlobalSection(SolutionConfigurationPlatforms) = preSolution
		Debug|Any CPU = Debug|Any CPU
		Debug|x64 = Debug|x64
		Debug|x86 = Debug|x86
		Release|Any CPU = Release|Any CPU
		Release|x64 = Release|x64
		Release|x86 = Release|x86
	EndGlobalSection
	GlobalSection(ProjectConfigurationPlatforms) = postSolution
		{03F8F91F-E564-4DAA-8121-2A57035F4F8A}.Debug|Any CPU.ActiveCfg = Debug|Any CPU
		{03F8F91F-E564-4DAA-8121-2A57035F4F8A}.Debug|Any CPU.Build.0 = Debug|Any CPU
		{03F8F91F-E564-4DAA-8121-2A57035F4F8A}.Debug|x64.ActiveCfg = Debug|Any CPU
		{03F8F91F-E564-4DAA-8121-2A57035F4F8A}.Debug|x64.Build.0 = Debug|Any CPU
		{03F8F91F-E564-4DAA-8121-2A57035F4F8A}.Debug|x86.ActiveCfg = Debug|Any CPU
		{03F8F91F-E564-4DAA-8121-2A57035F4F8A}.Debug|x86.Build.0 = Debug|Any CPU
		{03F8F91F-E564-4DAA-8121-2A57035F4F8A}.Release|Any CPU.ActiveCfg = Release|Any CPU
		{03F8F91F-E564-4DAA-8121-2A57035F4F8A}.Release|Any CPU.Build.0 = Release|Any CPU
		{03F8F91F-E564-4DAA-8121-2A57035F4F8A}.Release|x64.ActiveCfg = Release|Any CPU
		{03F8F91F-E564-4DAA-8121-2A57035F4F8A}.Release|x64.Build.0 = Release|Any CPU
		{03F8F91F-E564-4DAA-8121-2A57035F4F8A}.Release|x86.ActiveCfg = Release|Any CPU
		{03F8F91F-E564-4DAA-8121-2A57035F4F8A}.Release|x86.Build.0 = Release|Any CPU
		{1ED90052-EF8D-4180-9174-F1C6F064958C}.Debug|Any CPU.ActiveCfg = Debug|Any CPU
		{1ED90052-EF8D-4180-9174-F1C6F064958C}.Debug|Any CPU.Build.0 = Debug|Any CPU
		{1ED90052-EF8D-4180-9174-F1C6F064958C}.Debug|x64.ActiveCfg = Debug|Any CPU
		{1ED90052-EF8D-4180-9174-F1C6F064958C}.Debug|x64.Build.0 = Debug|Any CPU
		{1ED90052-EF8D-4180-9174-F1C6F064958C}.Debug|x86.ActiveCfg = Debug|Any CPU
		{1ED90052-EF8D-4180-9174-F1C6F064958C}.Debug|x86.Build.0 = Debug|Any CPU
		{1ED90052-EF8D-4180-9174-F1C6F064958C}.Release|Any CPU.ActiveCfg = Release|Any CPU
		{1ED90052-EF8D-4180-9174-F1C6F064958C}.Release|Any CPU.Build.0 = Release|Any CPU
		{1ED90052-EF8D-4180-9174-F1C6F064958C}.Release|x64.ActiveCfg = Release|Any CPU
		{1ED90052-EF8D-4180-9174-F1C6F064958C}.Release|x64.Build.0 = Release|Any CPU
		{1ED90052-EF8D-4180-9174-F1C6F064958C}.Release|x86.ActiveCfg = Release|Any CPU
		{1ED90052-EF8D-4180-9174-F1C6F064958C}.Release|x86.Build.0 = Release|Any CPU
		{766AA786-8963-4CC6-BB90-AF88212F1362}.Debug|Any CPU.ActiveCfg = Debug|Any CPU
		{766AA786-8963-4CC6-BB90-AF88212F1362}.Debug|Any CPU.Build.0 = Debug|Any CPU
		{766AA786-8963-4CC6-BB90-AF88212F1362}.Debug|x64.ActiveCfg = Debug|Any CPU
		{766AA786-8963-4CC6-BB90-AF88212F1362}.Debug|x64.Build.0 = Debug|Any CPU
		{766AA786-8963-4CC6-BB90-AF88212F1362}.Debug|x86.ActiveCfg = Debug|Any CPU
		{766AA786-8963-4CC6-BB90-AF88212F1362}.Debug|x86.Build.0 = Debug|Any CPU
		{766AA786-8963-4CC6-BB90-AF88212F1362}.Release|Any CPU.ActiveCfg = Release|Any CPU
		{766AA786-8963-4CC6-BB90-AF88212F1362}.Release|Any CPU.Build.0 = Release|Any CPU
		{766AA786-8963-4CC6-BB90-AF88212F1362}.Release|x64.ActiveCfg = Release|Any CPU
		{766AA786-8963-4CC6-BB90-AF88212F1362}.Release|x64.Build.0 = Release|Any CPU
		{766AA786-8963-4CC6-BB90-AF88212F1362}.Release|x86.ActiveCfg = Release|Any CPU
		{766AA786-8963-4CC6-BB90-AF88212F1362}.Release|x86.Build.0 = Release|Any CPU
	EndGlobalSection
	GlobalSection(SolutionProperties) = preSolution
		HideSolutionNode = FALSE
	EndGlobalSection
	GlobalSection(NestedProjects) = preSolution
		{283E77C3-A34D-44F9-80D9-CB7EB2F4FD7E} = {9E0948AF-EF13-4FC7-8D8D-D7BD7356F885}
	EndGlobalSection
	GlobalSection(ExtensibilityGlobals) = postSolution
		SolutionGuid = {99B71E33-413E-44FA-959F-4A4556AAFB4F}
	EndGlobalSection
EndGlobal
